<?xml version="1.0" encoding="UTF-8"?>
<Scheme
   version = "1.3">
   <BuildAction>
      <BuildActionEntries>
         <BuildActionEntry
            buildForRunning = "YES">
            <BuildableReference
               BuildableIdentifier = "primary"
               BlueprintIdentifier = "A32FA73B1FEA09D800F1519E"
               BuildableName = "Core-Data.app"
               BlueprintName = "Core-Data"
               ReferencedContainer = "container:Core-Data.xcodeproj">
            </BuildableReference>
         </BuildActionEntry>
      </BuildActionEntries>
   </BuildAction>
   <LaunchAction
      useCustomWorkingDirectory = "NO"
      buildConfiguration = "Debug">
      <BuildableProductRunnable>
         <BuildableReference
            BuildableIdentifier = "primary"
            BlueprintIdentifier = "A32FA73B1FEA09D800F1519E"
            BuildableName = "Core-Data.app"
            BlueprintName = "Core-Data"
            ReferencedContainer = "container:Core-Data.xcodeproj">
         </BuildableReference>
      </BuildableProductRunnable>
   </LaunchAction>
</Scheme>
